
Microsoft Visual Studio Solution File, Format Version 11.00
# Visual Studio 2010
Project("{FAE04EC0-301F-11D3-BF4B-00C04F79EFBC}") = "SuzunoyaUnity", "SuzunoyaUnity.csproj", "{1279c35f-97e9-9361-1e4f-ef220ec6fb3a}"
EndProject
Project("{FAE04EC0-301F-11D3-BF4B-00C04F79EFBC}") = "Danmokou.Danmaku", "Danmokou.Danmaku.csproj", "{53f16438-b03a-a69c-a1b0-173c70816db2}"
EndProject
Project("{FAE04EC0-301F-11D3-BF4B-00C04F79EFBC}") = "Danmokou.Core", "Danmokou.Core.csproj", "{fb76ea87-6c0d-f91b-47d2-a55fce61d2df}"
EndProject
Project("{FAE04EC0-301F-11D3-BF4B-00C04F79EFBC}") = "Danmokou.MiniProjects", "Danmokou.MiniProjects.csproj", "{72646db1-bc40-2ae9-c8c9-4a953c53b4ab}"
EndProject
Project("{FAE04EC0-301F-11D3-BF4B-00C04F79EFBC}") = "Danmokou.EditorUtility", "Danmokou.EditorUtility.csproj", "{8eb23178-772d-55e9-0498-cb3d378ea2cb}"
EndProject
Project("{FAE04EC0-301F-11D3-BF4B-00C04F79EFBC}") = "Danmokou.BRuH", "Danmokou.BRuH.csproj", "{6d433cd1-a4e5-b620-ef6e-59c456f1d9eb}"
EndProject
Project("{FAE04EC0-301F-11D3-BF4B-00C04F79EFBC}") = "Assembly-CSharp-Editor", "Assembly-CSharp-Editor.csproj", "{acab4e3b-222c-0ce0-1e20-4e29fee60fcb}"
EndProject
Project("{FAE04EC0-301F-11D3-BF4B-00C04F79EFBC}") = "Danmokou.Testing", "Danmokou.Testing.csproj", "{34f4855c-f67d-8244-8961-a5a4955d050a}"
EndProject
Project("{FAE04EC0-301F-11D3-BF4B-00C04F79EFBC}") = "Danmokou.PCG", "Danmokou.PCG.csproj", "{6b1fa4d1-16af-72f1-5a48-2716249607bb}"
EndProject
Project("{FAE04EC0-301F-11D3-BF4B-00C04F79EFBC}") = "Danmokou.PlayTests", "Danmokou.PlayTests.csproj", "{429e7ba3-2fb2-db03-6452-ef53acf56a36}"
EndProject
Project("{FAE04EC0-301F-11D3-BF4B-00C04F79EFBC}") = "Assembly-CSharp", "Assembly-CSharp.csproj", "{2594f4f2-a0c9-4f19-5192-a952d3116383}"
EndProject
Project("{FAE04EC0-301F-11D3-BF4B-00C04F79EFBC}") = "CurvedTMP", "CurvedTMP.csproj", "{8636fb6d-4d82-34e8-f59e-89c57f421e03}"
EndProject
Project("{FAE04EC0-301F-11D3-BF4B-00C04F79EFBC}") = "Danmokou.SiMP", "Danmokou.SiMP.csproj", "{2b51e034-c2e3-0d5d-6f71-5d0d5edfc8fe}"
EndProject
Project("{FAE04EC0-301F-11D3-BF4B-00C04F79EFBC}") = "Danmokou.PlumWine", "Danmokou.PlumWine.csproj", "{fae1ec87-b65f-a68c-d452-3786ca8fb5c7}"
EndProject
Project("{FAE04EC0-301F-11D3-BF4B-00C04F79EFBC}") = "RubyTMP", "RubyTMP.csproj", "{694ec0db-bfa9-dfd1-1a85-e0e42df29778}"
EndProject
Project("{FAE04EC0-301F-11D3-BF4B-00C04F79EFBC}") = "Danmokou.PCGTesting", "Danmokou.PCGTesting.csproj", "{9b8a8c74-1e0b-2104-74a4-fd415f76756c}"
EndProject
Global
	GlobalSection(SolutionConfigurationPlatforms) = preSolution
		Debug|Any CPU = Debug|Any CPU
	EndGlobalSection
	GlobalSection(ProjectConfigurationPlatforms) = postSolution
		{1279c35f-97e9-9361-1e4f-ef220ec6fb3a}.Debug|Any CPU.ActiveCfg = Debug|Any CPU
		{1279c35f-97e9-9361-1e4f-ef220ec6fb3a}.Debug|Any CPU.Build.0 = Debug|Any CPU
		{53f16438-b03a-a69c-a1b0-173c70816db2}.Debug|Any CPU.ActiveCfg = Debug|Any CPU
		{53f16438-b03a-a69c-a1b0-173c70816db2}.Debug|Any CPU.Build.0 = Debug|Any CPU
		{fb76ea87-6c0d-f91b-47d2-a55fce61d2df}.Debug|Any CPU.ActiveCfg = Debug|Any CPU
		{fb76ea87-6c0d-f91b-47d2-a55fce61d2df}.Debug|Any CPU.Build.0 = Debug|Any CPU
		{72646db1-bc40-2ae9-c8c9-4a953c53b4ab}.Debug|Any CPU.ActiveCfg = Debug|Any CPU
		{72646db1-bc40-2ae9-c8c9-4a953c53b4ab}.Debug|Any CPU.Build.0 = Debug|Any CPU
		{8eb23178-772d-55e9-0498-cb3d378ea2cb}.Debug|Any CPU.ActiveCfg = Debug|Any CPU
		{8eb23178-772d-55e9-0498-cb3d378ea2cb}.Debug|Any CPU.Build.0 = Debug|Any CPU
		{6d433cd1-a4e5-b620-ef6e-59c456f1d9eb}.Debug|Any CPU.ActiveCfg = Debug|Any CPU
		{6d433cd1-a4e5-b620-ef6e-59c456f1d9eb}.Debug|Any CPU.Build.0 = Debug|Any CPU
		{acab4e3b-222c-0ce0-1e20-4e29fee60fcb}.Debug|Any CPU.ActiveCfg = Debug|Any CPU
		{acab4e3b-222c-0ce0-1e20-4e29fee60fcb}.Debug|Any CPU.Build.0 = Debug|Any CPU
		{34f4855c-f67d-8244-8961-a5a4955d050a}.Debug|Any CPU.ActiveCfg = Debug|Any CPU
		{34f4855c-f67d-8244-8961-a5a4955d050a}.Debug|Any CPU.Build.0 = Debug|Any CPU
		{6b1fa4d1-16af-72f1-5a48-2716249607bb}.Debug|Any CPU.ActiveCfg = Debug|Any CPU
		{6b1fa4d1-16af-72f1-5a48-2716249607bb}.Debug|Any CPU.Build.0 = Debug|Any CPU
		{429e7ba3-2fb2-db03-6452-ef53acf56a36}.Debug|Any CPU.ActiveCfg = Debug|Any CPU
		{429e7ba3-2fb2-db03-6452-ef53acf56a36}.Debug|Any CPU.Build.0 = Debug|Any CPU
		{2594f4f2-a0c9-4f19-5192-a952d3116383}.Debug|Any CPU.ActiveCfg = Debug|Any CPU
		{2594f4f2-a0c9-4f19-5192-a952d3116383}.Debug|Any CPU.Build.0 = Debug|Any CPU
		{8636fb6d-4d82-34e8-f59e-89c57f421e03}.Debug|Any CPU.ActiveCfg = Debug|Any CPU
		{8636fb6d-4d82-34e8-f59e-89c57f421e03}.Debug|Any CPU.Build.0 = Debug|Any CPU
		{2b51e034-c2e3-0d5d-6f71-5d0d5edfc8fe}.Debug|Any CPU.ActiveCfg = Debug|Any CPU
		{2b51e034-c2e3-0d5d-6f71-5d0d5edfc8fe}.Debug|Any CPU.Build.0 = Debug|Any CPU
		{fae1ec87-b65f-a68c-d452-3786ca8fb5c7}.Debug|Any CPU.ActiveCfg = Debug|Any CPU
		{fae1ec87-b65f-a68c-d452-3786ca8fb5c7}.Debug|Any CPU.Build.0 = Debug|Any CPU
		{694ec0db-bfa9-dfd1-1a85-e0e42df29778}.Debug|Any CPU.ActiveCfg = Debug|Any CPU
		{694ec0db-bfa9-dfd1-1a85-e0e42df29778}.Debug|Any CPU.Build.0 = Debug|Any CPU
		{9b8a8c74-1e0b-2104-74a4-fd415f76756c}.Debug|Any CPU.ActiveCfg = Debug|Any CPU
		{9b8a8c74-1e0b-2104-74a4-fd415f76756c}.Debug|Any CPU.Build.0 = Debug|Any CPU
	EndGlobalSection
	GlobalSection(SolutionProperties) = preSolution
		HideSolutionNode = FALSE
	EndGlobalSection
EndGlobal
